
Microsoft Visual Studio Solution File, Format Version 12.00
# Visual Studio Version 17
VisualStudioVersion = 17.2.32616.157
MinimumVisualStudioVersion = 10.0.40219.1
Project("{8BC9CEB8-8B4A-11D0-8D11-00A0C91BC942}") = "testX", "testX.vcxproj", "{BC0C34BA-1C6E-4FCF-AD0F-3C8322107ACB}"
EndProject
Global
	GlobalSection(SolutionConfigurationPlatforms) = preSolution
		Debug|x64 = Debug|x64
		Debug|x86 = Debug|x86
		Release|x64 = Release|x64
		Release|x86 = Release|x86
	EndGlobalSection
	GlobalSection(ProjectConfigurationPlatforms) = postSolution
		{BC0C34BA-1C6E-4FCF-AD0F-3C8322107ACB}.Debug|x64.ActiveCfg = Debug|x64
		{BC0C34BA-1C6E-4FCF-AD0F-3C8322107ACB}.Debug|x64.Build.0 = Debug|x64
		{BC0C34BA-1C6E-4FCF-AD0F-3C8322107ACB}.Debug|x86.ActiveCfg = Debug|Win32
		{BC0C34BA-1C6E-4FCF-AD0F-3C8322107ACB}.Debug|x86.Build.0 = Debug|Win32
		{BC0C34BA-1C6E-4FCF-AD0F-3C8322107ACB}.Release|x64.ActiveCfg = Release|x64
		{BC0C34BA-1C6E-4FCF-AD0F-3C8322107ACB}.Release|x64.Build.0 = Release|x64
		{BC0C34BA-1C6E-4FCF-AD0F-3C8322107ACB}.Release|x86.ActiveCfg = Release|Win32
		{BC0C34BA-1C6E-4FCF-AD0F-3C8322107ACB}.Release|x86.Build.0 = Release|Win32
	EndGlobalSection
	GlobalSection(SolutionProperties) = preSolution
		HideSolutionNode = FALSE
	EndGlobalSection
	GlobalSection(ExtensibilityGlobals) = postSolution
		SolutionGuid = {11EDF7C1-0ABF-4F8A-BCE3-B8FB13B94944}
	EndGlobalSection
EndGlobal
